{
  "name": "curious",
  "version": "1.0.0",
  "lockfileVersion": 3,
  "requires": true,
  "packages": {
    "": {
      "name": "curious",
      "version": "1.0.0",
      "license": "ISC",
      "dependencies": {
        "follow-redirects": "^1.15.9",
        "papaparse": "^5.4.1"
      }
    },
    "node_modules/follow-redirects": {
      "version": "1.15.9",
      "resolved": "https://registry.npmjs.org/follow-redirects/-/follow-redirects-1.15.9.tgz",
      "integrity": "sha512-gew4GsXizNgdoRyqmyfMHyAmXsZDk6mHkSxZFCzW9gwlbtOW44CDtYavM+y+72qD/Vq2l550kMF52DT8fOLJqQ==",
      "funding": [
        {
          "type": "individual",
          "url": "https://github.com/sponsors/RubenVerborgh"
        }
      ],
      "engines": {
        "node": ">=4.0"
      },
      "peerDependenciesMeta": {
        "debug": {
          "optional": true
        }
      }
    },
    "node_modules/papaparse": {
      "version": "5.4.1",
      "resolved": "https://registry.npmjs.org/papaparse/-/papaparse-5.4.1.tgz",
      "integrity": "sha512-HipMsgJkZu8br23pW15uvo6sib6wne/4woLZPlFf3rpDyMe9ywEXUsuD7+6K9PRkJlVT51j/sCOYDKGGS3ZJrw=="
    }
  }
}
